
Microsoft Visual Studio Solution File, Format Version 12.00
# Visual Studio Version 16
VisualStudioVersion = 16.0.29509.3
MinimumVisualStudioVersion = 10.0.40219.1
Project("{FAE04EC0-301F-11D3-BF4B-00C04F79EFBC}") = "SistemaDeNotas", "SistemaDeNotas\SistemaDeNotas.csproj", "{4E58FD56-1A08-45D2-B102-333B15BBA598}"
EndProject
Global
	GlobalSection(SolutionConfigurationPlatforms) = preSolution
		Debug|Any CPU = Debug|Any CPU
		Release|Any CPU = Release|Any CPU
	EndGlobalSection
	GlobalSection(ProjectConfigurationPlatforms) = postSolution
		{4E58FD56-1A08-45D2-B102-333B15BBA598}.Debug|Any CPU.ActiveCfg = Debug|Any CPU
		{4E58FD56-1A08-45D2-B102-333B15BBA598}.Debug|Any CPU.Build.0 = Debug|Any CPU
		{4E58FD56-1A08-45D2-B102-333B15BBA598}.Release|Any CPU.ActiveCfg = Release|Any CPU
		{4E58FD56-1A08-45D2-B102-333B15BBA598}.Release|Any CPU.Build.0 = Release|Any CPU
	EndGlobalSection
	GlobalSection(SolutionProperties) = preSolution
		HideSolutionNode = FALSE
	EndGlobalSection
	GlobalSection(ExtensibilityGlobals) = postSolution
		SolutionGuid = {B8549C7F-AC6C-4BA7-9B84-3298FC7A79C1}
	EndGlobalSection
EndGlobal
